// !$*UTF8*$!
{
	archiveVersion = 1;
	classes = {
	};
	objectVersion = 46;
	objects = {

/* Begin PBXBuildFile section */
		37CB2FD115547C790041E00B /* UIKit.framework in Frameworks */ = {isa = PBXBuildFile; fileRef = 37CB2FD015547C790041E00B /* UIKit.framework */; };
		37CB2FD315547C790041E00B /* Foundation.framework in Frameworks */ = {isa = PBXBuildFile; fileRef = 37CB2FD215547C790041E00B /* Foundation.framework */; };
		37CB2FD515547C790041E00B /* CoreGraphics.framework in Frameworks */ = {isa = PBXBuildFile; fileRef = 37CB2FD415547C790041E00B /* CoreGraphics.framework */; };
		37CB2FDB15547C790041E00B /* InfoPlist.strings in Resources */ = {isa = PBXBuildFile; fileRef = 37CB2FD915547C790041E00B /* InfoPlist.strings */; };
		37CB2FDD15547C790041E00B /* main.m in Sources */ = {isa = PBXBuildFile; fileRef = 37CB2FDC15547C790041E00B /* main.m */; };
		37CB2FE115547C790041E00B /* AppDelegate.m in Sources */ = {isa = PBXBuildFile; fileRef = 37CB2FE015547C790041E00B /* AppDelegate.m */; };
		37CB2FE415547C790041E00B /* MainStoryboard.storyboard in Resources */ = {isa = PBXBuildFile; fileRef = 37CB2FE215547C790041E00B /* MainStoryboard.storyboard */; };
		37CB2FE715547C790041E00B /* ViewController.m in Sources */ = {isa = PBXBuildFile; fileRef = 37CB2FE615547C790041E00B /* ViewController.m */; };
		37CB2FF315547C9D0041E00B /* DoodleView.m in Sources */ = {isa = PBXBuildFile; fileRef = 37CB2FF215547C9D0041E00B /* DoodleView.m */; };
		37CB2FF715547DA20041E00B /* CircleGestureRecognizer.m in Sources */ = {isa = PBXBuildFile; fileRef = 37CB2FF615547DA20041E00B /* CircleGestureRecognizer.m */; };
/* End PBXBuildFile section */

/* Begin PBXFileReference section */
		37CB2FCC15547C790041E00B /* DrawACircle.app */ = {isa = PBXFileReference; explicitFileType = wrapper.application; includeInIndex = 0; path = DrawACircle.app; sourceTree = BUILT_PRODUCTS_DIR; };
		37CB2FD015547C790041E00B /* UIKit.framework */ = {isa = PBXFileReference; lastKnownFileType = wrapper.framework; name = UIKit.framework; path = System/Library/Frameworks/UIKit.framework; sourceTree = SDKROOT; };
		37CB2FD215547C790041E00B /* Foundation.framework */ = {isa = PBXFileReference; lastKnownFileType = wrapper.framework; name = Foundation.framework; path = System/Library/Frameworks/Foundation.framework; sourceTree = SDKROOT; };
		37CB2FD415547C790041E00B /* CoreGraphics.framework */ = {isa = PBXFileReference; lastKnownFileType = wrapper.framework; name = CoreGraphics.framework; path = System/Library/Frameworks/CoreGraphics.framework; sourceTree = SDKROOT; };
		37CB2FD815547C790041E00B /* DrawACircle-Info.plist */ = {isa = PBXFileReference; lastKnownFileType = text.plist.xml; path = "DrawACircle-Info.plist"; sourceTree = "<group>"; };
		37CB2FDA15547C790041E00B /* en */ = {isa = PBXFileReference; lastKnownFileType = text.plist.strings; name = en; path = en.lproj/InfoPlist.strings; sourceTree = "<group>"; };
		37CB2FDC15547C790041E00B /* main.m */ = {isa = PBXFileReference; lastKnownFileType = sourcecode.c.objc; path = main.m; sourceTree = "<group>"; };
		37CB2FDE15547C790041E00B /* DrawACircle-Prefix.pch */ = {isa = PBXFileReference; lastKnownFileType = sourcecode.c.h; path = "DrawACircle-Prefix.pch"; sourceTree = "<group>"; };
		37CB2FDF15547C790041E00B /* AppDelegate.h */ = {isa = PBXFileReference; lastKnownFileType = sourcecode.c.h; path = AppDelegate.h; sourceTree = "<group>"; };
		37CB2FE015547C790041E00B /* AppDelegate.m */ = {isa = PBXFileReference; lastKnownFileType = sourcecode.c.objc; path = AppDelegate.m; sourceTree = "<group>"; };
		37CB2FE315547C790041E00B /* en */ = {isa = PBXFileReference; lastKnownFileType = file.storyboard; name = en; path = en.lproj/MainStoryboard.storyboard; sourceTree = "<group>"; };
		37CB2FE515547C790041E00B /* ViewController.h */ = {isa = PBXFileReference; lastKnownFileType = sourcecode.c.h; path = ViewController.h; sourceTree = "<group>"; };
		37CB2FE615547C790041E00B /* ViewController.m */ = {isa = PBXFileReference; lastKnownFileType = sourcecode.c.objc; path = ViewController.m; sourceTree = "<group>"; };
		37CB2FF115547C9D0041E00B /* DoodleView.h */ = {isa = PBXFileReference; fileEncoding = 4; lastKnownFileType = sourcecode.c.h; path = DoodleView.h; sourceTree = "<group>"; };
		37CB2FF215547C9D0041E00B /* DoodleView.m */ = {isa = PBXFileReference; fileEncoding = 4; lastKnownFileType = sourcecode.c.objc; path = DoodleView.m; sourceTree = "<group>"; };
		37CB2FF515547DA20041E00B /* CircleGestureRecognizer.h */ = {isa = PBXFileReference; fileEncoding = 4; lastKnownFileType = sourcecode.c.h; path = CircleGestureRecognizer.h; sourceTree = "<group>"; };
		37CB2FF615547DA20041E00B /* CircleGestureRecognizer.m */ = {isa = PBXFileReference; fileEncoding = 4; lastKnownFileType = sourcecode.c.objc; path = CircleGestureRecognizer.m; sourceTree = "<group>"; };
/* End PBXFileReference section */

/* Begin PBXFrameworksBuildPhase section */
		37CB2FC915547C790041E00B /* Frameworks */ = {
			isa = PBXFrameworksBuildPhase;
			buildActionMask = 2147483647;
			files = (
				37CB2FD115547C790041E00B /* UIKit.framework in Frameworks */,
				37CB2FD315547C790041E00B /* Foundation.framework in Frameworks */,
				37CB2FD515547C790041E00B /* CoreGraphics.framework in Frameworks */,
			);
			runOnlyForDeploymentPostprocessing = 0;
		};
/* End PBXFrameworksBuildPhase section */

/* Begin PBXGroup section */
		37CB2FC115547C790041E00B = {
			isa = PBXGroup;
			children = (
				37CB2FD615547C790041E00B /* DrawACircle */,
				37CB2FCF15547C790041E00B /* Frameworks */,
				37CB2FCD15547C790041E00B /* Products */,
			);
			sourceTree = "<group>";
		};
		37CB2FCD15547C790041E00B /* Products */ = {
			isa = PBXGroup;
			children = (
				37CB2FCC15547C790041E00B /* DrawACircle.app */,
			);
			name = Products;
			sourceTree = "<group>";
		};
		37CB2FCF15547C790041E00B /* Frameworks */ = {
			isa = PBXGroup;
			children = (
				37CB2FD015547C790041E00B /* UIKit.framework */,
				37CB2FD215547C790041E00B /* Foundation.framework */,
				37CB2FD415547C790041E00B /* CoreGraphics.framework */,
			);
			name = Frameworks;
			sourceTree = "<group>";
		};
		37CB2FD615547C790041E00B /* DrawACircle */ = {
			isa = PBXGroup;
			children = (
				37CB2FDF15547C790041E00B /* AppDelegate.h */,
				37CB2FE015547C790041E00B /* AppDelegate.m */,
				37CB2FE215547C790041E00B /* MainStoryboard.storyboard */,
				37CB2FE515547C790041E00B /* ViewController.h */,
				37CB2FE615547C790041E00B /* ViewController.m */,
				37CB2FF115547C9D0041E00B /* DoodleView.h */,
				37CB2FF215547C9D0041E00B /* DoodleView.m */,
				37CB2FF515547DA20041E00B /* CircleGestureRecognizer.h */,
				37CB2FF615547DA20041E00B /* CircleGestureRecognizer.m */,
				37CB2FD715547C790041E00B /* Supporting Files */,
			);
			path = DrawACircle;
			sourceTree = "<group>";
		};
		37CB2FD715547C790041E00B /* Supporting Files */ = {
			isa = PBXGroup;
			children = (
				37CB2FD815547C790041E00B /* DrawACircle-Info.plist */,
				37CB2FD915547C790041E00B /* InfoPlist.strings */,
				37CB2FDC15547C790041E00B /* main.m */,
				37CB2FDE15547C790041E00B /* DrawACircle-Prefix.pch */,
			);
			name = "Supporting Files";
			sourceTree = "<group>";
		};
/* End PBXGroup section */

/* Begin PBXNativeTarget section */
		37CB2FCB15547C790041E00B /* DrawACircle */ = {
			isa = PBXNativeTarget;
			buildConfigurationList = 37CB2FEA15547C790041E00B /* Build configuration list for PBXNativeTarget "DrawACircle" */;
			buildPhases = (
				37CB2FC815547C790041E00B /* Sources */,
				37CB2FC915547C790041E00B /* Frameworks */,
				37CB2FCA15547C790041E00B /* Resources */,
			);
			buildRules = (
			);
			dependencies = (
			);
			name = DrawACircle;
			productName = DrawACircle;
			productReference = 37CB2FCC15547C790041E00B /* DrawACircle.app */;
			productType = "com.apple.product-type.application";
		};
/* End PBXNativeTarget section */

/* Begin PBXProject section */
		37CB2FC315547C790041E00B /* Project object */ = {
			isa = PBXProject;
			attributes = {
				LastUpgradeCheck = 0430;
				ORGANIZATIONNAME = "University of Chicago";
			};
			buildConfigurationList = 37CB2FC615547C790041E00B /* Build configuration list for PBXProject "DrawACircle" */;
			compatibilityVersion = "Xcode 3.2";
			developmentRegion = English;
			hasScannedForEncodings = 0;
			knownRegions = (
				en,
			);
			mainGroup = 37CB2FC115547C790041E00B;
			productRefGroup = 37CB2FCD15547C790041E00B /* Products */;
			projectDirPath = "";
			projectRoot = "";
			targets = (
				37CB2FCB15547C790041E00B /* DrawACircle */,
			);
		};
/* End PBXProject section */

/* Begin PBXResourcesBuildPhase section */
		37CB2FCA15547C790041E00B /* Resources */ = {
			isa = PBXResourcesBuildPhase;
			buildActionMask = 2147483647;
			files = (
				37CB2FDB15547C790041E00B /* InfoPlist.strings in Resources */,
				37CB2FE415547C790041E00B /* MainStoryboard.storyboard in Resources */,
			);
			runOnlyForDeploymentPostprocessing = 0;
		};
/* End PBXResourcesBuildPhase section */

/* Begin PBXSourcesBuildPhase section */
		37CB2FC815547C790041E00B /* Sources */ = {
			isa = PBXSourcesBuildPhase;
			buildActionMask = 2147483647;
			files = (
				37CB2FDD15547C790041E00B /* main.m in Sources */,
				37CB2FE115547C790041E00B /* AppDelegate.m in Sources */,
				37CB2FE715547C790041E00B /* ViewController.m in Sources */,
				37CB2FF315547C9D0041E00B /* DoodleView.m in Sources */,
				37CB2FF715547DA20041E00B /* CircleGestureRecognizer.m in Sources */,
			);
			runOnlyForDeploymentPostprocessing = 0;
		};
/* End PBXSourcesBuildPhase section */

/* Begin PBXVariantGroup section */
		37CB2FD915547C790041E00B /* InfoPlist.strings */ = {
			isa = PBXVariantGroup;
			children = (
				37CB2FDA15547C790041E00B /* en */,
			);
			name = InfoPlist.strings;
			sourceTree = "<group>";
		};
		37CB2FE215547C790041E00B /* MainStoryboard.storyboard */ = {
			isa = PBXVariantGroup;
			children = (
				37CB2FE315547C790041E00B /* en */,
			);
			name = MainStoryboard.storyboard;
			sourceTree = "<group>";
		};
/* End PBXVariantGroup section */

/* Begin XCBuildConfiguration section */
		37CB2FE815547C790041E00B /* Debug */ = {
			isa = XCBuildConfiguration;
			buildSettings = {
				ALWAYS_SEARCH_USER_PATHS = NO;
				ARCHS = "$(ARCHS_STANDARD_32_BIT)";
				CLANG_ENABLE_OBJC_ARC = YES;
				"CODE_SIGN_IDENTITY[sdk=iphoneos*]" = "iPhone Developer";
				COPY_PHASE_STRIP = NO;
				GCC_C_LANGUAGE_STANDARD = gnu99;
				GCC_DYNAMIC_NO_PIC = NO;
				GCC_OPTIMIZATION_LEVEL = 0;
				GCC_PREPROCESSOR_DEFINITIONS = (
					"DEBUG=1",
					"$(inherited)",
				);
				GCC_SYMBOLS_PRIVATE_EXTERN = NO;
				GCC_VERSION = com.apple.compilers.llvm.clang.1_0;
				GCC_WARN_ABOUT_RETURN_TYPE = YES;
				GCC_WARN_UNINITIALIZED_AUTOS = YES;
				GCC_WARN_UNUSED_VARIABLE = YES;
				IPHONEOS_DEPLOYMENT_TARGET = 5.1;
				SDKROOT = iphoneos;
			};
			name = Debug;
		};
		37CB2FE915547C790041E00B /* Release */ = {
			isa = XCBuildConfiguration;
			buildSettings = {
				ALWAYS_SEARCH_USER_PATHS = NO;
				ARCHS = "$(ARCHS_STANDARD_32_BIT)";
				CLANG_ENABLE_OBJC_ARC = YES;
				"CODE_SIGN_IDENTITY[sdk=iphoneos*]" = "iPhone Developer";
				COPY_PHASE_STRIP = YES;
				GCC_C_LANGUAGE_STANDARD = gnu99;
				GCC_VERSION = com.apple.compilers.llvm.clang.1_0;
				GCC_WARN_ABOUT_RETURN_TYPE = YES;
				GCC_WARN_UNINITIALIZED_AUTOS = YES;
				GCC_WARN_UNUSED_VARIABLE = YES;
				IPHONEOS_DEPLOYMENT_TARGET = 5.1;
				OTHER_CFLAGS = "-DNS_BLOCK_ASSERTIONS=1";
				SDKROOT = iphoneos;
				VALIDATE_PRODUCT = YES;
			};
			name = Release;
		};
		37CB2FEB15547C790041E00B /* Debug */ = {
			isa = XCBuildConfiguration;
			buildSettings = {
				GCC_PRECOMPILE_PREFIX_HEADER = YES;
				GCC_PREFIX_HEADER = "DrawACircle/DrawACircle-Prefix.pch";
				INFOPLIST_FILE = "DrawACircle/DrawACircle-Info.plist";
				PRODUCT_NAME = "$(TARGET_NAME)";
				WRAPPER_EXTENSION = app;
			};
			name = Debug;
		};
		37CB2FEC15547C790041E00B /* Release */ = {
			isa = XCBuildConfiguration;
			buildSettings = {
				GCC_PRECOMPILE_PREFIX_HEADER = YES;
				GCC_PREFIX_HEADER = "DrawACircle/DrawACircle-Prefix.pch";
				INFOPLIST_FILE = "DrawACircle/DrawACircle-Info.plist";
				PRODUCT_NAME = "$(TARGET_NAME)";
				WRAPPER_EXTENSION = app;
			};
			name = Release;
		};
/* End XCBuildConfiguration section */

/* Begin XCConfigurationList section */
		37CB2FC615547C790041E00B /* Build configuration list for PBXProject "DrawACircle" */ = {
			isa = XCConfigurationList;
			buildConfigurations = (
				37CB2FE815547C790041E00B /* Debug */,
				37CB2FE915547C790041E00B /* Release */,
			);
			defaultConfigurationIsVisible = 0;
			defaultConfigurationName = Release;
		};
		37CB2FEA15547C790041E00B /* Build configuration list for PBXNativeTarget "DrawACircle" */ = {
			isa = XCConfigurationList;
			buildConfigurations = (
				37CB2FEB15547C790041E00B /* Debug */,
				37CB2FEC15547C790041E00B /* Release */,
			);
			defaultConfigurationIsVisible = 0;
			defaultConfigurationName = Release;
		};
/* End XCConfigurationList section */
	};
	rootObject = 37CB2FC315547C790041E00B /* Project object */;
}
